
Microsoft Visual Studio Solution File, Format Version 12.00
# Visual Studio Version 16
VisualStudioVersion = 16.0.31729.503
MinimumVisualStudioVersion = 10.0.40219.1
Project("{FAE04EC0-301F-11D3-BF4B-00C04F79EFBC}") = "Operation_Search_Tree", "Operation_Search_Tree\Operation_Search_Tree.csproj", "{169BF299-2EDD-4E44-AD49-E0E460ED5F59}"
EndProject
Global
	GlobalSection(SolutionConfigurationPlatforms) = preSolution
		Debug|Any CPU = Debug|Any CPU
		Release|Any CPU = Release|Any CPU
	EndGlobalSection
	GlobalSection(ProjectConfigurationPlatforms) = postSolution
		{169BF299-2EDD-4E44-AD49-E0E460ED5F59}.Debug|Any CPU.ActiveCfg = Debug|Any CPU
		{169BF299-2EDD-4E44-AD49-E0E460ED5F59}.Debug|Any CPU.Build.0 = Debug|Any CPU
		{169BF299-2EDD-4E44-AD49-E0E460ED5F59}.Release|Any CPU.ActiveCfg = Release|Any CPU
		{169BF299-2EDD-4E44-AD49-E0E460ED5F59}.Release|Any CPU.Build.0 = Release|Any CPU
	EndGlobalSection
	GlobalSection(SolutionProperties) = preSolution
		HideSolutionNode = FALSE
	EndGlobalSection
	GlobalSection(ExtensibilityGlobals) = postSolution
		SolutionGuid = {AE188D46-8BC9-488F-AFDF-CE2EEE821427}
	EndGlobalSection
EndGlobal
